
Microsoft Visual Studio Solution File, Format Version 12.00
# Visual Studio Version 17
VisualStudioVersion = 17.10.34928.147
MinimumVisualStudioVersion = 10.0.40219.1
Project("{FAE04EC0-301F-11D3-BF4B-00C04F79EFBC}") = "AES Encryption", "AES Encryption\AES Encryption.csproj", "{1D62831B-FC7E-46D6-9E8E-D6C66230B2B7}"
EndProject
Global
	GlobalSection(SolutionConfigurationPlatforms) = preSolution
		Debug|Any CPU = Debug|Any CPU
		Release|Any CPU = Release|Any CPU
	EndGlobalSection
	GlobalSection(ProjectConfigurationPlatforms) = postSolution
		{1D62831B-FC7E-46D6-9E8E-D6C66230B2B7}.Debug|Any CPU.ActiveCfg = Debug|Any CPU
		{1D62831B-FC7E-46D6-9E8E-D6C66230B2B7}.Debug|Any CPU.Build.0 = Debug|Any CPU
		{1D62831B-FC7E-46D6-9E8E-D6C66230B2B7}.Release|Any CPU.ActiveCfg = Release|Any CPU
		{1D62831B-FC7E-46D6-9E8E-D6C66230B2B7}.Release|Any CPU.Build.0 = Release|Any CPU
	EndGlobalSection
	GlobalSection(SolutionProperties) = preSolution
		HideSolutionNode = FALSE
	EndGlobalSection
	GlobalSection(ExtensibilityGlobals) = postSolution
		SolutionGuid = {926327C8-D735-42FA-9025-410D3F386E2E}
	EndGlobalSection
EndGlobal
